
Microsoft Visual Studio Solution File, Format Version 12.00
# Visual Studio Version 17
VisualStudioVersion = 17.13.35931.197 d17.13
MinimumVisualStudioVersion = 10.0.40219.1
Project("{FAE04EC0-301F-11D3-BF4B-00C04F79EFBC}") = "Proyecto2", "Proyecto2\Proyecto2.csproj", "{64E7DE8B-DB31-4EA6-BB35-4790AABBF065}"
EndProject
Global
	GlobalSection(SolutionConfigurationPlatforms) = preSolution
		Debug|Any CPU = Debug|Any CPU
		Release|Any CPU = Release|Any CPU
	EndGlobalSection
	GlobalSection(ProjectConfigurationPlatforms) = postSolution
		{64E7DE8B-DB31-4EA6-BB35-4790AABBF065}.Debug|Any CPU.ActiveCfg = Debug|Any CPU
		{64E7DE8B-DB31-4EA6-BB35-4790AABBF065}.Debug|Any CPU.Build.0 = Debug|Any CPU
		{64E7DE8B-DB31-4EA6-BB35-4790AABBF065}.Release|Any CPU.ActiveCfg = Release|Any CPU
		{64E7DE8B-DB31-4EA6-BB35-4790AABBF065}.Release|Any CPU.Build.0 = Release|Any CPU
	EndGlobalSection
	GlobalSection(SolutionProperties) = preSolution
		HideSolutionNode = FALSE
	EndGlobalSection
	GlobalSection(ExtensibilityGlobals) = postSolution
		SolutionGuid = {64F3CE8C-E670-4BA8-B40C-6EEA6431F293}
	EndGlobalSection
EndGlobal
